
Microsoft Visual Studio Solution File, Format Version 12.00
# Visual Studio Version 16
VisualStudioVersion = 16.0.28621.142
MinimumVisualStudioVersion = 10.0.40219.1
Project("{FAE04EC0-301F-11D3-BF4B-00C04F79EFBC}") = "DataService", "DataService\DataService.csproj", "{9A8467E2-57B2-46E0-BCA2-F1BBC1AD0813}"
EndProject
Global
	GlobalSection(SolutionConfigurationPlatforms) = preSolution
		Debug|Any CPU = Debug|Any CPU
		Release|Any CPU = Release|Any CPU
	EndGlobalSection
	GlobalSection(ProjectConfigurationPlatforms) = postSolution
		{9A8467E2-57B2-46E0-BCA2-F1BBC1AD0813}.Debug|Any CPU.ActiveCfg = Debug|Any CPU
		{9A8467E2-57B2-46E0-BCA2-F1BBC1AD0813}.Debug|Any CPU.Build.0 = Debug|Any CPU
		{9A8467E2-57B2-46E0-BCA2-F1BBC1AD0813}.Release|Any CPU.ActiveCfg = Release|Any CPU
		{9A8467E2-57B2-46E0-BCA2-F1BBC1AD0813}.Release|Any CPU.Build.0 = Release|Any CPU
	EndGlobalSection
	GlobalSection(SolutionProperties) = preSolution
		HideSolutionNode = FALSE
	EndGlobalSection
	GlobalSection(ExtensibilityGlobals) = postSolution
		SolutionGuid = {D1805B73-FBD2-4A40-9B10-F2F8586D9C67}
	EndGlobalSection
EndGlobal
